
Microsoft Visual Studio Solution File, Format Version 12.00
# Visual Studio 15
VisualStudioVersion = 15.0.28307.1433
MinimumVisualStudioVersion = 10.0.40219.1
Project("{FAE04EC0-301F-11D3-BF4B-00C04F79EFBC}") = "LinQ_Agit1_016", "LinQ_Agit1_016\LinQ_Agit1_016.csproj", "{514518D1-D517-424F-9CC5-C4EEFB4FC4DE}"
EndProject
Global
	GlobalSection(SolutionConfigurationPlatforms) = preSolution
		Debug|Any CPU = Debug|Any CPU
		Release|Any CPU = Release|Any CPU
	EndGlobalSection
	GlobalSection(ProjectConfigurationPlatforms) = postSolution
		{514518D1-D517-424F-9CC5-C4EEFB4FC4DE}.Debug|Any CPU.ActiveCfg = Debug|Any CPU
		{514518D1-D517-424F-9CC5-C4EEFB4FC4DE}.Debug|Any CPU.Build.0 = Debug|Any CPU
		{514518D1-D517-424F-9CC5-C4EEFB4FC4DE}.Release|Any CPU.ActiveCfg = Release|Any CPU
		{514518D1-D517-424F-9CC5-C4EEFB4FC4DE}.Release|Any CPU.Build.0 = Release|Any CPU
	EndGlobalSection
	GlobalSection(SolutionProperties) = preSolution
		HideSolutionNode = FALSE
	EndGlobalSection
	GlobalSection(ExtensibilityGlobals) = postSolution
		SolutionGuid = {3C1D41F4-A27E-48E5-90A5-F5B392327FDB}
	EndGlobalSection
EndGlobal
